// !$*UTF8*$!
{
	archiveVersion = 1;
	classes = {
	};
	objectVersion = 50;
	objects = {

/* Begin PBXBuildFile section */
		138538DC248B8E3600CE5330 /* AppDelegate.swift in Sources */ = {isa = PBXBuildFile; fileRef = 138538DB248B8E3600CE5330 /* AppDelegate.swift */; };
		138538DE248B8E3600CE5330 /* SceneDelegate.swift in Sources */ = {isa = PBXBuildFile; fileRef = 138538DD248B8E3600CE5330 /* SceneDelegate.swift */; };
		138538E0248B8E3600CE5330 /* ViewController.swift in Sources */ = {isa = PBXBuildFile; fileRef = 138538DF248B8E3600CE5330 /* ViewController.swift */; };
		138538E3248B8E3600CE5330 /* Main.storyboard in Resources */ = {isa = PBXBuildFile; fileRef = 138538E1248B8E3600CE5330 /* Main.storyboard */; };
		138538E5248B8E3800CE5330 /* Assets.xcassets in Resources */ = {isa = PBXBuildFile; fileRef = 138538E4248B8E3800CE5330 /* Assets.xcassets */; };
		138538E8248B8E3800CE5330 /* LaunchScreen.storyboard in Resources */ = {isa = PBXBuildFile; fileRef = 138538E6248B8E3800CE5330 /* LaunchScreen.storyboard */; };
		138538F1248B8E6C00CE5330 /* MediaService.swift in Sources */ = {isa = PBXBuildFile; fileRef = 138538F0248B8E6C00CE5330 /* MediaService.swift */; };
		138538F3248B8E8700CE5330 /* LocalFileFetcher.swift in Sources */ = {isa = PBXBuildFile; fileRef = 138538F2248B8E8700CE5330 /* LocalFileFetcher.swift */; };
		138538F7248B8EC500CE5330 /* SoundPlayerView.swift in Sources */ = {isa = PBXBuildFile; fileRef = 138538F6248B8EC500CE5330 /* SoundPlayerView.swift */; };
		138538F9248B8EE800CE5330 /* witcher.mp3 in Resources */ = {isa = PBXBuildFile; fileRef = 138538F8248B8EE800CE5330 /* witcher.mp3 */; };
		138538FC248B993B00CE5330 /* PVAudioContext.swift in Sources */ = {isa = PBXBuildFile; fileRef = 138538FB248B993B00CE5330 /* PVAudioContext.swift */; };
/* End PBXBuildFile section */

/* Begin PBXFileReference section */
		138538D8248B8E3600CE5330 /* SoundWavePlayer.app */ = {isa = PBXFileReference; explicitFileType = wrapper.application; includeInIndex = 0; path = SoundWavePlayer.app; sourceTree = BUILT_PRODUCTS_DIR; };
		138538DB248B8E3600CE5330 /* AppDelegate.swift */ = {isa = PBXFileReference; lastKnownFileType = sourcecode.swift; path = AppDelegate.swift; sourceTree = "<group>"; };
		138538DD248B8E3600CE5330 /* SceneDelegate.swift */ = {isa = PBXFileReference; lastKnownFileType = sourcecode.swift; path = SceneDelegate.swift; sourceTree = "<group>"; };
		138538DF248B8E3600CE5330 /* ViewController.swift */ = {isa = PBXFileReference; lastKnownFileType = sourcecode.swift; path = ViewController.swift; sourceTree = "<group>"; };
		138538E2248B8E3600CE5330 /* Base */ = {isa = PBXFileReference; lastKnownFileType = file.storyboard; name = Base; path = Base.lproj/Main.storyboard; sourceTree = "<group>"; };
		138538E4248B8E3800CE5330 /* Assets.xcassets */ = {isa = PBXFileReference; lastKnownFileType = folder.assetcatalog; path = Assets.xcassets; sourceTree = "<group>"; };
		138538E7248B8E3800CE5330 /* Base */ = {isa = PBXFileReference; lastKnownFileType = file.storyboard; name = Base; path = Base.lproj/LaunchScreen.storyboard; sourceTree = "<group>"; };
		138538E9248B8E3800CE5330 /* Info.plist */ = {isa = PBXFileReference; lastKnownFileType = text.plist.xml; path = Info.plist; sourceTree = "<group>"; };
		138538F0248B8E6C00CE5330 /* MediaService.swift */ = {isa = PBXFileReference; lastKnownFileType = sourcecode.swift; path = MediaService.swift; sourceTree = "<group>"; };
		138538F2248B8E8700CE5330 /* LocalFileFetcher.swift */ = {isa = PBXFileReference; lastKnownFileType = sourcecode.swift; path = LocalFileFetcher.swift; sourceTree = "<group>"; };
		138538F6248B8EC500CE5330 /* SoundPlayerView.swift */ = {isa = PBXFileReference; lastKnownFileType = sourcecode.swift; path = SoundPlayerView.swift; sourceTree = "<group>"; };
		138538F8248B8EE800CE5330 /* witcher.mp3 */ = {isa = PBXFileReference; lastKnownFileType = audio.mp3; path = witcher.mp3; sourceTree = "<group>"; };
		138538FB248B993B00CE5330 /* PVAudioContext.swift */ = {isa = PBXFileReference; lastKnownFileType = sourcecode.swift; path = PVAudioContext.swift; sourceTree = "<group>"; };
/* End PBXFileReference section */

/* Begin PBXFrameworksBuildPhase section */
		138538D5248B8E3600CE5330 /* Frameworks */ = {
			isa = PBXFrameworksBuildPhase;
			buildActionMask = 2147483647;
			files = (
			);
			runOnlyForDeploymentPostprocessing = 0;
		};
/* End PBXFrameworksBuildPhase section */

/* Begin PBXGroup section */
		138538CF248B8E3600CE5330 = {
			isa = PBXGroup;
			children = (
				138538DA248B8E3600CE5330 /* SoundWavePlayer */,
				138538D9248B8E3600CE5330 /* Products */,
			);
			sourceTree = "<group>";
		};
		138538D9248B8E3600CE5330 /* Products */ = {
			isa = PBXGroup;
			children = (
				138538D8248B8E3600CE5330 /* SoundWavePlayer.app */,
			);
			name = Products;
			sourceTree = "<group>";
		};
		138538DA248B8E3600CE5330 /* SoundWavePlayer */ = {
			isa = PBXGroup;
			children = (
				138538F8248B8EE800CE5330 /* witcher.mp3 */,
				138538F5248B8EAF00CE5330 /* PlayerView */,
				138538EF248B8E5100CE5330 /* Services */,
				138538DB248B8E3600CE5330 /* AppDelegate.swift */,
				138538DD248B8E3600CE5330 /* SceneDelegate.swift */,
				138538DF248B8E3600CE5330 /* ViewController.swift */,
				138538E1248B8E3600CE5330 /* Main.storyboard */,
				138538E4248B8E3800CE5330 /* Assets.xcassets */,
				138538E6248B8E3800CE5330 /* LaunchScreen.storyboard */,
				138538E9248B8E3800CE5330 /* Info.plist */,
			);
			path = SoundWavePlayer;
			sourceTree = "<group>";
		};
		138538EF248B8E5100CE5330 /* Services */ = {
			isa = PBXGroup;
			children = (
				138538F0248B8E6C00CE5330 /* MediaService.swift */,
				138538F2248B8E8700CE5330 /* LocalFileFetcher.swift */,
				138538FB248B993B00CE5330 /* PVAudioContext.swift */,
			);
			path = Services;
			sourceTree = "<group>";
		};
		138538F5248B8EAF00CE5330 /* PlayerView */ = {
			isa = PBXGroup;
			children = (
				138538F6248B8EC500CE5330 /* SoundPlayerView.swift */,
			);
			path = PlayerView;
			sourceTree = "<group>";
		};
/* End PBXGroup section */

/* Begin PBXNativeTarget section */
		138538D7248B8E3600CE5330 /* SoundWavePlayer */ = {
			isa = PBXNativeTarget;
			buildConfigurationList = 138538EC248B8E3800CE5330 /* Build configuration list for PBXNativeTarget "SoundWavePlayer" */;
			buildPhases = (
				138538D4248B8E3600CE5330 /* Sources */,
				138538D5248B8E3600CE5330 /* Frameworks */,
				138538D6248B8E3600CE5330 /* Resources */,
			);
			buildRules = (
			);
			dependencies = (
			);
			name = SoundWavePlayer;
			productName = SoundWavePlayer;
			productReference = 138538D8248B8E3600CE5330 /* SoundWavePlayer.app */;
			productType = "com.apple.product-type.application";
		};
/* End PBXNativeTarget section */

/* Begin PBXProject section */
		138538D0248B8E3600CE5330 /* Project object */ = {
			isa = PBXProject;
			attributes = {
				LastSwiftUpdateCheck = 1150;
				LastUpgradeCheck = 1150;
				ORGANIZATIONNAME = "Максим Спиридонов";
				TargetAttributes = {
					138538D7248B8E3600CE5330 = {
						CreatedOnToolsVersion = 11.5;
					};
				};
			};
			buildConfigurationList = 138538D3248B8E3600CE5330 /* Build configuration list for PBXProject "SoundWavePlayer" */;
			compatibilityVersion = "Xcode 9.3";
			developmentRegion = en;
			hasScannedForEncodings = 0;
			knownRegions = (
				en,
				Base,
			);
			mainGroup = 138538CF248B8E3600CE5330;
			productRefGroup = 138538D9248B8E3600CE5330 /* Products */;
			projectDirPath = "";
			projectRoot = "";
			targets = (
				138538D7248B8E3600CE5330 /* SoundWavePlayer */,
			);
		};
/* End PBXProject section */

/* Begin PBXResourcesBuildPhase section */
		138538D6248B8E3600CE5330 /* Resources */ = {
			isa = PBXResourcesBuildPhase;
			buildActionMask = 2147483647;
			files = (
				138538E8248B8E3800CE5330 /* LaunchScreen.storyboard in Resources */,
				138538E5248B8E3800CE5330 /* Assets.xcassets in Resources */,
				138538E3248B8E3600CE5330 /* Main.storyboard in Resources */,
				138538F9248B8EE800CE5330 /* witcher.mp3 in Resources */,
			);
			runOnlyForDeploymentPostprocessing = 0;
		};
/* End PBXResourcesBuildPhase section */

/* Begin PBXSourcesBuildPhase section */
		138538D4248B8E3600CE5330 /* Sources */ = {
			isa = PBXSourcesBuildPhase;
			buildActionMask = 2147483647;
			files = (
				138538E0248B8E3600CE5330 /* ViewController.swift in Sources */,
				138538FC248B993B00CE5330 /* PVAudioContext.swift in Sources */,
				138538F3248B8E8700CE5330 /* LocalFileFetcher.swift in Sources */,
				138538DC248B8E3600CE5330 /* AppDelegate.swift in Sources */,
				138538F7248B8EC500CE5330 /* SoundPlayerView.swift in Sources */,
				138538F1248B8E6C00CE5330 /* MediaService.swift in Sources */,
				138538DE248B8E3600CE5330 /* SceneDelegate.swift in Sources */,
			);
			runOnlyForDeploymentPostprocessing = 0;
		};
/* End PBXSourcesBuildPhase section */

/* Begin PBXVariantGroup section */
		138538E1248B8E3600CE5330 /* Main.storyboard */ = {
			isa = PBXVariantGroup;
			children = (
				138538E2248B8E3600CE5330 /* Base */,
			);
			name = Main.storyboard;
			sourceTree = "<group>";
		};
		138538E6248B8E3800CE5330 /* LaunchScreen.storyboard */ = {
			isa = PBXVariantGroup;
			children = (
				138538E7248B8E3800CE5330 /* Base */,
			);
			name = LaunchScreen.storyboard;
			sourceTree = "<group>";
		};
/* End PBXVariantGroup section */

/* Begin XCBuildConfiguration section */
		138538EA248B8E3800CE5330 /* Debug */ = {
			isa = XCBuildConfiguration;
			buildSettings = {
				ALWAYS_SEARCH_USER_PATHS = NO;
				CLANG_ANALYZER_NONNULL = YES;
				CLANG_ANALYZER_NUMBER_OBJECT_CONVERSION = YES_AGGRESSIVE;
				CLANG_CXX_LANGUAGE_STANDARD = "gnu++14";
				CLANG_CXX_LIBRARY = "libc++";
				CLANG_ENABLE_MODULES = YES;
				CLANG_ENABLE_OBJC_ARC = YES;
				CLANG_ENABLE_OBJC_WEAK = YES;
				CLANG_WARN_BLOCK_CAPTURE_AUTORELEASING = YES;
				CLANG_WARN_BOOL_CONVERSION = YES;
				CLANG_WARN_COMMA = YES;
				CLANG_WARN_CONSTANT_CONVERSION = YES;
				CLANG_WARN_DEPRECATED_OBJC_IMPLEMENTATIONS = YES;
				CLANG_WARN_DIRECT_OBJC_ISA_USAGE = YES_ERROR;
				CLANG_WARN_DOCUMENTATION_COMMENTS = YES;
				CLANG_WARN_EMPTY_BODY = YES;
				CLANG_WARN_ENUM_CONVERSION = YES;
				CLANG_WARN_INFINITE_RECURSION = YES;
				CLANG_WARN_INT_CONVERSION = YES;
				CLANG_WARN_NON_LITERAL_NULL_CONVERSION = YES;
				CLANG_WARN_OBJC_IMPLICIT_RETAIN_SELF = YES;
				CLANG_WARN_OBJC_LITERAL_CONVERSION = YES;
				CLANG_WARN_OBJC_ROOT_CLASS = YES_ERROR;
				CLANG_WARN_RANGE_LOOP_ANALYSIS = YES;
				CLANG_WARN_STRICT_PROTOTYPES = YES;
				CLANG_WARN_SUSPICIOUS_MOVE = YES;
				CLANG_WARN_UNGUARDED_AVAILABILITY = YES_AGGRESSIVE;
				CLANG_WARN_UNREACHABLE_CODE = YES;
				CLANG_WARN__DUPLICATE_METHOD_MATCH = YES;
				COPY_PHASE_STRIP = NO;
				DEBUG_INFORMATION_FORMAT = dwarf;
				ENABLE_STRICT_OBJC_MSGSEND = YES;
				ENABLE_TESTABILITY = YES;
				GCC_C_LANGUAGE_STANDARD = gnu11;
				GCC_DYNAMIC_NO_PIC = NO;
				GCC_NO_COMMON_BLOCKS = YES;
				GCC_OPTIMIZATION_LEVEL = 0;
				GCC_PREPROCESSOR_DEFINITIONS = (
					"DEBUG=1",
					"$(inherited)",
				);
				GCC_WARN_64_TO_32_BIT_CONVERSION = YES;
				GCC_WARN_ABOUT_RETURN_TYPE = YES_ERROR;
				GCC_WARN_UNDECLARED_SELECTOR = YES;
				GCC_WARN_UNINITIALIZED_AUTOS = YES_AGGRESSIVE;
				GCC_WARN_UNUSED_FUNCTION = YES;
				GCC_WARN_UNUSED_VARIABLE = YES;
				IPHONEOS_DEPLOYMENT_TARGET = 12.0;
				MTL_ENABLE_DEBUG_INFO = INCLUDE_SOURCE;
				MTL_FAST_MATH = YES;
				ONLY_ACTIVE_ARCH = YES;
				SDKROOT = iphoneos;
				SWIFT_ACTIVE_COMPILATION_CONDITIONS = DEBUG;
				SWIFT_OPTIMIZATION_LEVEL = "-Onone";
			};
			name = Debug;
		};
		138538EB248B8E3800CE5330 /* Release */ = {
			isa = XCBuildConfiguration;
			buildSettings = {
				ALWAYS_SEARCH_USER_PATHS = NO;
				CLANG_ANALYZER_NONNULL = YES;
				CLANG_ANALYZER_NUMBER_OBJECT_CONVERSION = YES_AGGRESSIVE;
				CLANG_CXX_LANGUAGE_STANDARD = "gnu++14";
				CLANG_CXX_LIBRARY = "libc++";
				CLANG_ENABLE_MODULES = YES;
				CLANG_ENABLE_OBJC_ARC = YES;
				CLANG_ENABLE_OBJC_WEAK = YES;
				CLANG_WARN_BLOCK_CAPTURE_AUTORELEASING = YES;
				CLANG_WARN_BOOL_CONVERSION = YES;
				CLANG_WARN_COMMA = YES;
				CLANG_WARN_CONSTANT_CONVERSION = YES;
				CLANG_WARN_DEPRECATED_OBJC_IMPLEMENTATIONS = YES;
				CLANG_WARN_DIRECT_OBJC_ISA_USAGE = YES_ERROR;
				CLANG_WARN_DOCUMENTATION_COMMENTS = YES;
				CLANG_WARN_EMPTY_BODY = YES;
				CLANG_WARN_ENUM_CONVERSION = YES;
				CLANG_WARN_INFINITE_RECURSION = YES;
				CLANG_WARN_INT_CONVERSION = YES;
				CLANG_WARN_NON_LITERAL_NULL_CONVERSION = YES;
				CLANG_WARN_OBJC_IMPLICIT_RETAIN_SELF = YES;
				CLANG_WARN_OBJC_LITERAL_CONVERSION = YES;
				CLANG_WARN_OBJC_ROOT_CLASS = YES_ERROR;
				CLANG_WARN_RANGE_LOOP_ANALYSIS = YES;
				CLANG_WARN_STRICT_PROTOTYPES = YES;
				CLANG_WARN_SUSPICIOUS_MOVE = YES;
				CLANG_WARN_UNGUARDED_AVAILABILITY = YES_AGGRESSIVE;
				CLANG_WARN_UNREACHABLE_CODE = YES;
				CLANG_WARN__DUPLICATE_METHOD_MATCH = YES;
				COPY_PHASE_STRIP = NO;
				DEBUG_INFORMATION_FORMAT = "dwarf-with-dsym";
				ENABLE_NS_ASSERTIONS = NO;
				ENABLE_STRICT_OBJC_MSGSEND = YES;
				GCC_C_LANGUAGE_STANDARD = gnu11;
				GCC_NO_COMMON_BLOCKS = YES;
				GCC_WARN_64_TO_32_BIT_CONVERSION = YES;
				GCC_WARN_ABOUT_RETURN_TYPE = YES_ERROR;
				GCC_WARN_UNDECLARED_SELECTOR = YES;
				GCC_WARN_UNINITIALIZED_AUTOS = YES_AGGRESSIVE;
				GCC_WARN_UNUSED_FUNCTION = YES;
				GCC_WARN_UNUSED_VARIABLE = YES;
				IPHONEOS_DEPLOYMENT_TARGET = 12.0;
				MTL_ENABLE_DEBUG_INFO = NO;
				MTL_FAST_MATH = YES;
				SDKROOT = iphoneos;
				SWIFT_COMPILATION_MODE = wholemodule;
				SWIFT_OPTIMIZATION_LEVEL = "-O";
				VALIDATE_PRODUCT = YES;
			};
			name = Release;
		};
		138538ED248B8E3800CE5330 /* Debug */ = {
			isa = XCBuildConfiguration;
			buildSettings = {
				ASSETCATALOG_COMPILER_APPICON_NAME = AppIcon;
				CODE_SIGN_STYLE = Automatic;
				DEVELOPMENT_TEAM = C8F3CLJ592;
				INFOPLIST_FILE = SoundWavePlayer/Info.plist;
				LD_RUNPATH_SEARCH_PATHS = (
					"$(inherited)",
					"@executable_path/Frameworks",
				);
				PRODUCT_BUNDLE_IDENTIFIER = taijased.SoundWavePlayer;
				PRODUCT_NAME = "$(TARGET_NAME)";
				SWIFT_VERSION = 5.0;
				TARGETED_DEVICE_FAMILY = "1,2";
			};
			name = Debug;
		};
		138538EE248B8E3800CE5330 /* Release */ = {
			isa = XCBuildConfiguration;
			buildSettings = {
				ASSETCATALOG_COMPILER_APPICON_NAME = AppIcon;
				CODE_SIGN_STYLE = Automatic;
				DEVELOPMENT_TEAM = C8F3CLJ592;
				INFOPLIST_FILE = SoundWavePlayer/Info.plist;
				LD_RUNPATH_SEARCH_PATHS = (
					"$(inherited)",
					"@executable_path/Frameworks",
				);
				PRODUCT_BUNDLE_IDENTIFIER = taijased.SoundWavePlayer;
				PRODUCT_NAME = "$(TARGET_NAME)";
				SWIFT_VERSION = 5.0;
				TARGETED_DEVICE_FAMILY = "1,2";
			};
			name = Release;
		};
/* End XCBuildConfiguration section */

/* Begin XCConfigurationList section */
		138538D3248B8E3600CE5330 /* Build configuration list for PBXProject "SoundWavePlayer" */ = {
			isa = XCConfigurationList;
			buildConfigurations = (
				138538EA248B8E3800CE5330 /* Debug */,
				138538EB248B8E3800CE5330 /* Release */,
			);
			defaultConfigurationIsVisible = 0;
			defaultConfigurationName = Release;
		};
		138538EC248B8E3800CE5330 /* Build configuration list for PBXNativeTarget "SoundWavePlayer" */ = {
			isa = XCConfigurationList;
			buildConfigurations = (
				138538ED248B8E3800CE5330 /* Debug */,
				138538EE248B8E3800CE5330 /* Release */,
			);
			defaultConfigurationIsVisible = 0;
			defaultConfigurationName = Release;
		};
/* End XCConfigurationList section */
	};
	rootObject = 138538D0248B8E3600CE5330 /* Project object */;
}
